
Microsoft Visual Studio Solution File, Format Version 12.00
# Visual Studio Version 17
VisualStudioVersion = 17.2.32616.157
MinimumVisualStudioVersion = 10.0.40219.1
Project("{8BC9CEB8-8B4A-11D0-8D11-00A0C91BC942}") = "tcc-vs", "tcc-vs\tcc-vs.vcxproj", "{E476DB4B-F03B-4A89-9B87-F709ED0FB408}"
EndProject
Project("{8BC9CEB8-8B4A-11D0-8D11-00A0C91BC942}") = "tcc-lib", "tcc-lib\tcc-lib.vcxproj", "{120B52DF-FA4C-4EDB-ADCE-FC82EAB7DF08}"
EndProject
Global
	GlobalSection(SolutionConfigurationPlatforms) = preSolution
		Debug|x64 = Debug|x64
		Debug|x86 = Debug|x86
		Release|x64 = Release|x64
		Release|x86 = Release|x86
	EndGlobalSection
	GlobalSection(ProjectConfigurationPlatforms) = postSolution
		{E476DB4B-F03B-4A89-9B87-F709ED0FB408}.Debug|x64.ActiveCfg = Debug|x64
		{E476DB4B-F03B-4A89-9B87-F709ED0FB408}.Debug|x64.Build.0 = Debug|x64
		{E476DB4B-F03B-4A89-9B87-F709ED0FB408}.Debug|x86.ActiveCfg = Debug|Win32
		{E476DB4B-F03B-4A89-9B87-F709ED0FB408}.Debug|x86.Build.0 = Debug|Win32
		{E476DB4B-F03B-4A89-9B87-F709ED0FB408}.Release|x64.ActiveCfg = Release|x64
		{E476DB4B-F03B-4A89-9B87-F709ED0FB408}.Release|x64.Build.0 = Release|x64
		{E476DB4B-F03B-4A89-9B87-F709ED0FB408}.Release|x86.ActiveCfg = Release|Win32
		{E476DB4B-F03B-4A89-9B87-F709ED0FB408}.Release|x86.Build.0 = Release|Win32
		{120B52DF-FA4C-4EDB-ADCE-FC82EAB7DF08}.Debug|x64.ActiveCfg = Debug|x64
		{120B52DF-FA4C-4EDB-ADCE-FC82EAB7DF08}.Debug|x64.Build.0 = Debug|x64
		{120B52DF-FA4C-4EDB-ADCE-FC82EAB7DF08}.Debug|x86.ActiveCfg = Debug|Win32
		{120B52DF-FA4C-4EDB-ADCE-FC82EAB7DF08}.Debug|x86.Build.0 = Debug|Win32
		{120B52DF-FA4C-4EDB-ADCE-FC82EAB7DF08}.Release|x64.ActiveCfg = Release|x64
		{120B52DF-FA4C-4EDB-ADCE-FC82EAB7DF08}.Release|x64.Build.0 = Release|x64
		{120B52DF-FA4C-4EDB-ADCE-FC82EAB7DF08}.Release|x86.ActiveCfg = Release|Win32
		{120B52DF-FA4C-4EDB-ADCE-FC82EAB7DF08}.Release|x86.Build.0 = Release|Win32
	EndGlobalSection
	GlobalSection(SolutionProperties) = preSolution
		HideSolutionNode = FALSE
	EndGlobalSection
	GlobalSection(ExtensibilityGlobals) = postSolution
		SolutionGuid = {69BDACE7-1AE7-4226-B513-B22361EA2EEE}
	EndGlobalSection
EndGlobal
