<?xml version="1.0" encoding="utf-8"?>
<Project ToolsVersion="4.0" xmlns="http://schemas.microsoft.com/developer/msbuild/2003">
  <ItemGroup>
    <Filter Include="源文件">
      <UniqueIdentifier>{4FC737F1-C7A5-4376-A066-2A32D752A2FF}</UniqueIdentifier>
      <Extensions>cpp;c;cc;cxx;c++;cppm;ixx;def;odl;idl;hpj;bat;asm;asmx</Extensions>
    </Filter>
    <Filter Include="头文件">
      <UniqueIdentifier>{93995380-89BD-4b04-88EB-625FBE52EBFB}</UniqueIdentifier>
      <Extensions>h;hh;hpp;hxx;h++;hm;inl;inc;ipp;xsd</Extensions>
    </Filter>
    <Filter Include="资源文件">
      <UniqueIdentifier>{67DA6AB6-F800-4c08-8B7A-83BB121AAD01}</UniqueIdentifier>
      <Extensions>rc;ico;cur;bmp;dlg;rc2;rct;bin;rgs;gif;jpg;jpeg;jpe;resx;tiff;tif;png;wav;mfcribbon-ms</Extensions>
    </Filter>
  </ItemGroup>
  <ItemGroup>
    <ClInclude Include="include\float.h">
      <Filter>头文件</Filter>
    </ClInclude>
    <ClInclude Include="include\stdarg.h">
      <Filter>头文件</Filter>
    </ClInclude>
    <ClInclude Include="include\stdbool.h">
      <Filter>头文件</Filter>
    </ClInclude>
    <ClInclude Include="include\stddef.h">
      <Filter>头文件</Filter>
    </ClInclude>
    <ClInclude Include="coff.h">
      <Filter>头文件</Filter>
    </ClInclude>
    <ClInclude Include="config.h">
      <Filter>头文件</Filter>
    </ClInclude>
    <ClInclude Include="elf.h">
      <Filter>头文件</Filter>
    </ClInclude>
    <ClInclude Include="i386-asm.h">
      <Filter>头文件</Filter>
    </ClInclude>
    <ClInclude Include="i386-tok.h">
      <Filter>头文件</Filter>
    </ClInclude>
    <ClInclude Include="il-opcodes.h">
      <Filter>头文件</Filter>
    </ClInclude>
    <ClInclude Include="libtcc.h">
      <Filter>头文件</Filter>
    </ClInclude>
    <ClInclude Include="stab.h">
      <Filter>头文件</Filter>
    </ClInclude>
    <ClInclude Include="tcc.h">
      <Filter>头文件</Filter>
    </ClInclude>
    <ClInclude Include="tcclib.h">
      <Filter>头文件</Filter>
    </ClInclude>
    <ClInclude Include="tcctok.h">
      <Filter>头文件</Filter>
    </ClInclude>
    <ClInclude Include="x86_64-asm.h">
      <Filter>头文件</Filter>
    </ClInclude>
  </ItemGroup>
  <ItemGroup>
    <ClCompile Include="libtcc.c">
      <Filter>源文件</Filter>
    </ClCompile>
    <ClCompile Include="tcc.c">
      <Filter>源文件</Filter>
    </ClCompile>
    <ClCompile Include="tccasm.c">
      <Filter>源文件</Filter>
    </ClCompile>
    <ClCompile Include="tcccoff.c">
      <Filter>源文件</Filter>
    </ClCompile>
    <ClCompile Include="tccelf.c">
      <Filter>源文件</Filter>
    </ClCompile>
    <ClCompile Include="tccgen.c">
      <Filter>源文件</Filter>
    </ClCompile>
    <ClCompile Include="tccpe.c">
      <Filter>源文件</Filter>
    </ClCompile>
    <ClCompile Include="tccpp.c">
      <Filter>源文件</Filter>
    </ClCompile>
    <ClCompile Include="tccrun.c">
      <Filter>源文件</Filter>
    </ClCompile>
    <ClCompile Include="x86_64-gen.c">
      <Filter>源文件</Filter>
    </ClCompile>
    <ClCompile Include="x86_64-link.c">
      <Filter>源文件</Filter>
    </ClCompile>
    <ClCompile Include="i386-asm.c">
      <Filter>源文件</Filter>
    </ClCompile>
  </ItemGroup>
  <ItemGroup>
    <None Include="Changelog" />
    <None Include="configure" />
    <None Include="COPYING" />
    <None Include="stab.def">
      <Filter>源文件</Filter>
    </None>
  </ItemGroup>
  <ItemGroup>
    <CopyFileToFolders Include="libtcc1.a" />
  </ItemGroup>
</Project>